// !$*UTF8*$!
{
	archiveVersion = 1;
	classes = {
	};
	objectVersion = 50;
	objects = {

/* Begin PBXBuildFile section */
		C407D62F2550CEB300ACEEA2 /* BLEMessageReceiver.swift in Sources */ = {isa = PBXBuildFile; fileRef = C407D62E2550CEB300ACEEA2 /* BLEMessageReceiver.swift */; };
		C407D6312550CEB300ACEEA2 /* Receiver.swift in Sources */ = {isa = PBXBuildFile; fileRef = C407D6302550CEB300ACEEA2 /* Receiver.swift */; };
		C407D6332550CEB400ACEEA2 /* Assets.xcassets in Resources */ = {isa = PBXBuildFile; fileRef = C407D6322550CEB400ACEEA2 /* Assets.xcassets */; };
		C407D6362550CEB400ACEEA2 /* Preview Assets.xcassets in Resources */ = {isa = PBXBuildFile; fileRef = C407D6352550CEB400ACEEA2 /* Preview Assets.xcassets */; };
		C494B0E12550CFFE00661A14 /* MessageReceiver.swift in Sources */ = {isa = PBXBuildFile; fileRef = C494B0E02550CFFE00661A14 /* MessageReceiver.swift */; };
/* End PBXBuildFile section */

/* Begin PBXFileReference section */
		C407D62B2550CEB300ACEEA2 /* BLEMessageReceiver.app */ = {isa = PBXFileReference; explicitFileType = wrapper.application; includeInIndex = 0; path = BLEMessageReceiver.app; sourceTree = BUILT_PRODUCTS_DIR; };
		C407D62E2550CEB300ACEEA2 /* BLEMessageReceiver.swift */ = {isa = PBXFileReference; lastKnownFileType = sourcecode.swift; path = BLEMessageReceiver.swift; sourceTree = "<group>"; };
		C407D6302550CEB300ACEEA2 /* Receiver.swift */ = {isa = PBXFileReference; lastKnownFileType = sourcecode.swift; path = Receiver.swift; sourceTree = "<group>"; };
		C407D6322550CEB400ACEEA2 /* Assets.xcassets */ = {isa = PBXFileReference; lastKnownFileType = folder.assetcatalog; path = Assets.xcassets; sourceTree = "<group>"; };
		C407D6352550CEB400ACEEA2 /* Preview Assets.xcassets */ = {isa = PBXFileReference; lastKnownFileType = folder.assetcatalog; path = "Preview Assets.xcassets"; sourceTree = "<group>"; };
		C407D6372550CEB400ACEEA2 /* Info.plist */ = {isa = PBXFileReference; lastKnownFileType = text.plist.xml; path = Info.plist; sourceTree = "<group>"; };
		C494B0E02550CFFE00661A14 /* MessageReceiver.swift */ = {isa = PBXFileReference; lastKnownFileType = sourcecode.swift; path = MessageReceiver.swift; sourceTree = "<group>"; };
/* End PBXFileReference section */

/* Begin PBXFrameworksBuildPhase section */
		C407D6282550CEB300ACEEA2 /* Frameworks */ = {
			isa = PBXFrameworksBuildPhase;
			buildActionMask = 2147483647;
			files = (
			);
			runOnlyForDeploymentPostprocessing = 0;
		};
/* End PBXFrameworksBuildPhase section */

/* Begin PBXGroup section */
		C407D6222550CEB300ACEEA2 = {
			isa = PBXGroup;
			children = (
				C407D62D2550CEB300ACEEA2 /* BLEMessageReceiver */,
				C407D62C2550CEB300ACEEA2 /* Products */,
			);
			sourceTree = "<group>";
		};
		C407D62C2550CEB300ACEEA2 /* Products */ = {
			isa = PBXGroup;
			children = (
				C407D62B2550CEB300ACEEA2 /* BLEMessageReceiver.app */,
			);
			name = Products;
			sourceTree = "<group>";
		};
		C407D62D2550CEB300ACEEA2 /* BLEMessageReceiver */ = {
			isa = PBXGroup;
			children = (
				C407D62E2550CEB300ACEEA2 /* BLEMessageReceiver.swift */,
				C407D6302550CEB300ACEEA2 /* Receiver.swift */,
				C407D6322550CEB400ACEEA2 /* Assets.xcassets */,
				C407D6372550CEB400ACEEA2 /* Info.plist */,
				C407D6342550CEB400ACEEA2 /* Preview Content */,
				C494B0E02550CFFE00661A14 /* MessageReceiver.swift */,
			);
			path = BLEMessageReceiver;
			sourceTree = "<group>";
		};
		C407D6342550CEB400ACEEA2 /* Preview Content */ = {
			isa = PBXGroup;
			children = (
				C407D6352550CEB400ACEEA2 /* Preview Assets.xcassets */,
			);
			path = "Preview Content";
			sourceTree = "<group>";
		};
/* End PBXGroup section */

/* Begin PBXNativeTarget section */
		C407D62A2550CEB300ACEEA2 /* BLEMessageReceiver */ = {
			isa = PBXNativeTarget;
			buildConfigurationList = C407D63A2550CEB400ACEEA2 /* Build configuration list for PBXNativeTarget "BLEMessageReceiver" */;
			buildPhases = (
				C407D6272550CEB300ACEEA2 /* Sources */,
				C407D6282550CEB300ACEEA2 /* Frameworks */,
				C407D6292550CEB300ACEEA2 /* Resources */,
			);
			buildRules = (
			);
			dependencies = (
			);
			name = BLEMessageReceiver;
			productName = BLEMessageReciver;
			productReference = C407D62B2550CEB300ACEEA2 /* BLEMessageReceiver.app */;
			productType = "com.apple.product-type.application";
		};
/* End PBXNativeTarget section */

/* Begin PBXProject section */
		C407D6232550CEB300ACEEA2 /* Project object */ = {
			isa = PBXProject;
			attributes = {
				LastSwiftUpdateCheck = 1220;
				LastUpgradeCheck = 1220;
				TargetAttributes = {
					C407D62A2550CEB300ACEEA2 = {
						CreatedOnToolsVersion = 12.2;
					};
				};
			};
			buildConfigurationList = C407D6262550CEB300ACEEA2 /* Build configuration list for PBXProject "BLEMessageReceiver" */;
			compatibilityVersion = "Xcode 9.3";
			developmentRegion = en;
			hasScannedForEncodings = 0;
			knownRegions = (
				en,
				Base,
			);
			mainGroup = C407D6222550CEB300ACEEA2;
			productRefGroup = C407D62C2550CEB300ACEEA2 /* Products */;
			projectDirPath = "";
			projectRoot = "";
			targets = (
				C407D62A2550CEB300ACEEA2 /* BLEMessageReceiver */,
			);
		};
/* End PBXProject section */

/* Begin PBXResourcesBuildPhase section */
		C407D6292550CEB300ACEEA2 /* Resources */ = {
			isa = PBXResourcesBuildPhase;
			buildActionMask = 2147483647;
			files = (
				C407D6362550CEB400ACEEA2 /* Preview Assets.xcassets in Resources */,
				C407D6332550CEB400ACEEA2 /* Assets.xcassets in Resources */,
			);
			runOnlyForDeploymentPostprocessing = 0;
		};
/* End PBXResourcesBuildPhase section */

/* Begin PBXSourcesBuildPhase section */
		C407D6272550CEB300ACEEA2 /* Sources */ = {
			isa = PBXSourcesBuildPhase;
			buildActionMask = 2147483647;
			files = (
				C407D6312550CEB300ACEEA2 /* Receiver.swift in Sources */,
				C407D62F2550CEB300ACEEA2 /* BLEMessageReceiver.swift in Sources */,
				C494B0E12550CFFE00661A14 /* MessageReceiver.swift in Sources */,
			);
			runOnlyForDeploymentPostprocessing = 0;
		};
/* End PBXSourcesBuildPhase section */

/* Begin XCBuildConfiguration section */
		C407D6382550CEB400ACEEA2 /* Debug */ = {
			isa = XCBuildConfiguration;
			buildSettings = {
				ALWAYS_SEARCH_USER_PATHS = NO;
				CLANG_ANALYZER_NONNULL = YES;
				CLANG_ANALYZER_NUMBER_OBJECT_CONVERSION = YES_AGGRESSIVE;
				CLANG_CXX_LANGUAGE_STANDARD = "gnu++14";
				CLANG_CXX_LIBRARY = "libc++";
				CLANG_ENABLE_MODULES = YES;
				CLANG_ENABLE_OBJC_ARC = YES;
				CLANG_ENABLE_OBJC_WEAK = YES;
				CLANG_WARN_BLOCK_CAPTURE_AUTORELEASING = YES;
				CLANG_WARN_BOOL_CONVERSION = YES;
				CLANG_WARN_COMMA = YES;
				CLANG_WARN_CONSTANT_CONVERSION = YES;
				CLANG_WARN_DEPRECATED_OBJC_IMPLEMENTATIONS = YES;
				CLANG_WARN_DIRECT_OBJC_ISA_USAGE = YES_ERROR;
				CLANG_WARN_DOCUMENTATION_COMMENTS = YES;
				CLANG_WARN_EMPTY_BODY = YES;
				CLANG_WARN_ENUM_CONVERSION = YES;
				CLANG_WARN_INFINITE_RECURSION = YES;
				CLANG_WARN_INT_CONVERSION = YES;
				CLANG_WARN_NON_LITERAL_NULL_CONVERSION = YES;
				CLANG_WARN_OBJC_IMPLICIT_RETAIN_SELF = YES;
				CLANG_WARN_OBJC_LITERAL_CONVERSION = YES;
				CLANG_WARN_OBJC_ROOT_CLASS = YES_ERROR;
				CLANG_WARN_QUOTED_INCLUDE_IN_FRAMEWORK_HEADER = YES;
				CLANG_WARN_RANGE_LOOP_ANALYSIS = YES;
				CLANG_WARN_STRICT_PROTOTYPES = YES;
				CLANG_WARN_SUSPICIOUS_MOVE = YES;
				CLANG_WARN_UNGUARDED_AVAILABILITY = YES_AGGRESSIVE;
				CLANG_WARN_UNREACHABLE_CODE = YES;
				CLANG_WARN__DUPLICATE_METHOD_MATCH = YES;
				COPY_PHASE_STRIP = NO;
				DEBUG_INFORMATION_FORMAT = dwarf;
				ENABLE_STRICT_OBJC_MSGSEND = YES;
				ENABLE_TESTABILITY = YES;
				GCC_C_LANGUAGE_STANDARD = gnu11;
				GCC_DYNAMIC_NO_PIC = NO;
				GCC_NO_COMMON_BLOCKS = YES;
				GCC_OPTIMIZATION_LEVEL = 0;
				GCC_PREPROCESSOR_DEFINITIONS = (
					"DEBUG=1",
					"$(inherited)",
				);
				GCC_WARN_64_TO_32_BIT_CONVERSION = YES;
				GCC_WARN_ABOUT_RETURN_TYPE = YES_ERROR;
				GCC_WARN_UNDECLARED_SELECTOR = YES;
				GCC_WARN_UNINITIALIZED_AUTOS = YES_AGGRESSIVE;
				GCC_WARN_UNUSED_FUNCTION = YES;
				GCC_WARN_UNUSED_VARIABLE = YES;
				IPHONEOS_DEPLOYMENT_TARGET = 14.2;
				MTL_ENABLE_DEBUG_INFO = INCLUDE_SOURCE;
				MTL_FAST_MATH = YES;
				ONLY_ACTIVE_ARCH = YES;
				SDKROOT = iphoneos;
				SWIFT_ACTIVE_COMPILATION_CONDITIONS = DEBUG;
				SWIFT_OPTIMIZATION_LEVEL = "-Onone";
			};
			name = Debug;
		};
		C407D6392550CEB400ACEEA2 /* Release */ = {
			isa = XCBuildConfiguration;
			buildSettings = {
				ALWAYS_SEARCH_USER_PATHS = NO;
				CLANG_ANALYZER_NONNULL = YES;
				CLANG_ANALYZER_NUMBER_OBJECT_CONVERSION = YES_AGGRESSIVE;
				CLANG_CXX_LANGUAGE_STANDARD = "gnu++14";
				CLANG_CXX_LIBRARY = "libc++";
				CLANG_ENABLE_MODULES = YES;
				CLANG_ENABLE_OBJC_ARC = YES;
				CLANG_ENABLE_OBJC_WEAK = YES;
				CLANG_WARN_BLOCK_CAPTURE_AUTORELEASING = YES;
				CLANG_WARN_BOOL_CONVERSION = YES;
				CLANG_WARN_COMMA = YES;
				CLANG_WARN_CONSTANT_CONVERSION = YES;
				CLANG_WARN_DEPRECATED_OBJC_IMPLEMENTATIONS = YES;
				CLANG_WARN_DIRECT_OBJC_ISA_USAGE = YES_ERROR;
				CLANG_WARN_DOCUMENTATION_COMMENTS = YES;
				CLANG_WARN_EMPTY_BODY = YES;
				CLANG_WARN_ENUM_CONVERSION = YES;
				CLANG_WARN_INFINITE_RECURSION = YES;
				CLANG_WARN_INT_CONVERSION = YES;
				CLANG_WARN_NON_LITERAL_NULL_CONVERSION = YES;
				CLANG_WARN_OBJC_IMPLICIT_RETAIN_SELF = YES;
				CLANG_WARN_OBJC_LITERAL_CONVERSION = YES;
				CLANG_WARN_OBJC_ROOT_CLASS = YES_ERROR;
				CLANG_WARN_QUOTED_INCLUDE_IN_FRAMEWORK_HEADER = YES;
				CLANG_WARN_RANGE_LOOP_ANALYSIS = YES;
				CLANG_WARN_STRICT_PROTOTYPES = YES;
				CLANG_WARN_SUSPICIOUS_MOVE = YES;
				CLANG_WARN_UNGUARDED_AVAILABILITY = YES_AGGRESSIVE;
				CLANG_WARN_UNREACHABLE_CODE = YES;
				CLANG_WARN__DUPLICATE_METHOD_MATCH = YES;
				COPY_PHASE_STRIP = NO;
				DEBUG_INFORMATION_FORMAT = "dwarf-with-dsym";
				ENABLE_NS_ASSERTIONS = NO;
				ENABLE_STRICT_OBJC_MSGSEND = YES;
				GCC_C_LANGUAGE_STANDARD = gnu11;
				GCC_NO_COMMON_BLOCKS = YES;
				GCC_WARN_64_TO_32_BIT_CONVERSION = YES;
				GCC_WARN_ABOUT_RETURN_TYPE = YES_ERROR;
				GCC_WARN_UNDECLARED_SELECTOR = YES;
				GCC_WARN_UNINITIALIZED_AUTOS = YES_AGGRESSIVE;
				GCC_WARN_UNUSED_FUNCTION = YES;
				GCC_WARN_UNUSED_VARIABLE = YES;
				IPHONEOS_DEPLOYMENT_TARGET = 14.2;
				MTL_ENABLE_DEBUG_INFO = NO;
				MTL_FAST_MATH = YES;
				SDKROOT = iphoneos;
				SWIFT_COMPILATION_MODE = wholemodule;
				SWIFT_OPTIMIZATION_LEVEL = "-O";
				VALIDATE_PRODUCT = YES;
			};
			name = Release;
		};
		C407D63B2550CEB400ACEEA2 /* Debug */ = {
			isa = XCBuildConfiguration;
			buildSettings = {
				ASSETCATALOG_COMPILER_APPICON_NAME = AppIcon;
				ASSETCATALOG_COMPILER_GLOBAL_ACCENT_COLOR_NAME = AccentColor;
				CODE_SIGN_STYLE = Automatic;
				DEVELOPMENT_ASSET_PATHS = "\"BLEMessageReceiver/Preview Content\"";
				DEVELOPMENT_TEAM = PEWJ2U74XT;
				ENABLE_PREVIEWS = YES;
				INFOPLIST_FILE = BLEMessageReceiver/Info.plist;
				IPHONEOS_DEPLOYMENT_TARGET = 14.0;
				LD_RUNPATH_SEARCH_PATHS = (
					"$(inherited)",
					"@executable_path/Frameworks",
				);
				PRODUCT_BUNDLE_IDENTIFIER = app.naknut.BLEMessageReceiver;
				PRODUCT_NAME = "$(TARGET_NAME)";
				SWIFT_VERSION = 5.0;
				TARGETED_DEVICE_FAMILY = "1,2";
			};
			name = Debug;
		};
		C407D63C2550CEB400ACEEA2 /* Release */ = {
			isa = XCBuildConfiguration;
			buildSettings = {
				ASSETCATALOG_COMPILER_APPICON_NAME = AppIcon;
				ASSETCATALOG_COMPILER_GLOBAL_ACCENT_COLOR_NAME = AccentColor;
				CODE_SIGN_STYLE = Automatic;
				DEVELOPMENT_ASSET_PATHS = "\"BLEMessageReceiver/Preview Content\"";
				DEVELOPMENT_TEAM = PEWJ2U74XT;
				ENABLE_PREVIEWS = YES;
				INFOPLIST_FILE = BLEMessageReceiver/Info.plist;
				IPHONEOS_DEPLOYMENT_TARGET = 14.0;
				LD_RUNPATH_SEARCH_PATHS = (
					"$(inherited)",
					"@executable_path/Frameworks",
				);
				PRODUCT_BUNDLE_IDENTIFIER = app.naknut.BLEMessageReceiver;
				PRODUCT_NAME = "$(TARGET_NAME)";
				SWIFT_VERSION = 5.0;
				TARGETED_DEVICE_FAMILY = "1,2";
			};
			name = Release;
		};
/* End XCBuildConfiguration section */

/* Begin XCConfigurationList section */
		C407D6262550CEB300ACEEA2 /* Build configuration list for PBXProject "BLEMessageReceiver" */ = {
			isa = XCConfigurationList;
			buildConfigurations = (
				C407D6382550CEB400ACEEA2 /* Debug */,
				C407D6392550CEB400ACEEA2 /* Release */,
			);
			defaultConfigurationIsVisible = 0;
			defaultConfigurationName = Release;
		};
		C407D63A2550CEB400ACEEA2 /* Build configuration list for PBXNativeTarget "BLEMessageReceiver" */ = {
			isa = XCConfigurationList;
			buildConfigurations = (
				C407D63B2550CEB400ACEEA2 /* Debug */,
				C407D63C2550CEB400ACEEA2 /* Release */,
			);
			defaultConfigurationIsVisible = 0;
			defaultConfigurationName = Release;
		};
/* End XCConfigurationList section */
	};
	rootObject = C407D6232550CEB300ACEEA2 /* Project object */;
}
